
Microsoft Visual Studio Solution File, Format Version 12.00
# Visual Studio Version 17
VisualStudioVersion = 17.1.32228.430
MinimumVisualStudioVersion = 10.0.40219.1
Project("{FAE04EC0-301F-11D3-BF4B-00C04F79EFBC}") = "DeliveryProducts.UWP", "DeliveryProducts\DeliveryProducts.UWP\DeliveryProducts.UWP.csproj", "{E66AE8D5-CF05-404E-BFC4-F03FB02643C3}"
EndProject
Project("{FAE04EC0-301F-11D3-BF4B-00C04F79EFBC}") = "DeliveryProducts.Android", "DeliveryProducts\DeliveryProducts.Android\DeliveryProducts.Android.csproj", "{E001E5F2-D2DE-4362-AA7B-77D5BB3FF1B9}"
EndProject
Project("{FAE04EC0-301F-11D3-BF4B-00C04F79EFBC}") = "DeliveryProducts.iOS", "DeliveryProducts\DeliveryProducts.iOS\DeliveryProducts.iOS.csproj", "{24D5B939-A657-49BF-8C13-90407E9B1D12}"
EndProject
Project("{FAE04EC0-301F-11D3-BF4B-00C04F79EFBC}") = "DeliveryProducts", "DeliveryProducts\DeliveryProducts\DeliveryProducts.csproj", "{4F5155EE-B0F4-4655-9C7B-80B7558432F2}"
EndProject
Global
	GlobalSection(SolutionConfigurationPlatforms) = preSolution
		Debug|Any CPU = Debug|Any CPU
		Debug|ARM = Debug|ARM
		Debug|iPhone = Debug|iPhone
		Debug|iPhoneSimulator = Debug|iPhoneSimulator
		Debug|x64 = Debug|x64
		Debug|x86 = Debug|x86
		Release|Any CPU = Release|Any CPU
		Release|ARM = Release|ARM
		Release|iPhone = Release|iPhone
		Release|iPhoneSimulator = Release|iPhoneSimulator
		Release|x64 = Release|x64
		Release|x86 = Release|x86
	EndGlobalSection
	GlobalSection(ProjectConfigurationPlatforms) = postSolution
		{E66AE8D5-CF05-404E-BFC4-F03FB02643C3}.Debug|Any CPU.ActiveCfg = Debug|x64
		{E66AE8D5-CF05-404E-BFC4-F03FB02643C3}.Debug|Any CPU.Build.0 = Debug|x64
		{E66AE8D5-CF05-404E-BFC4-F03FB02643C3}.Debug|Any CPU.Deploy.0 = Debug|x64
		{E66AE8D5-CF05-404E-BFC4-F03FB02643C3}.Debug|ARM.ActiveCfg = Debug|ARM
		{E66AE8D5-CF05-404E-BFC4-F03FB02643C3}.Debug|ARM.Build.0 = Debug|ARM
		{E66AE8D5-CF05-404E-BFC4-F03FB02643C3}.Debug|ARM.Deploy.0 = Debug|ARM
		{E66AE8D5-CF05-404E-BFC4-F03FB02643C3}.Debug|iPhone.ActiveCfg = Debug|x64
		{E66AE8D5-CF05-404E-BFC4-F03FB02643C3}.Debug|iPhone.Build.0 = Debug|x64
		{E66AE8D5-CF05-404E-BFC4-F03FB02643C3}.Debug|iPhone.Deploy.0 = Debug|x64
		{E66AE8D5-CF05-404E-BFC4-F03FB02643C3}.Debug|iPhoneSimulator.ActiveCfg = Debug|x64
		{E66AE8D5-CF05-404E-BFC4-F03FB02643C3}.Debug|iPhoneSimulator.Build.0 = Debug|x64
		{E66AE8D5-CF05-404E-BFC4-F03FB02643C3}.Debug|iPhoneSimulator.Deploy.0 = Debug|x64
		{E66AE8D5-CF05-404E-BFC4-F03FB02643C3}.Debug|x64.ActiveCfg = Debug|x64
		{E66AE8D5-CF05-404E-BFC4-F03FB02643C3}.Debug|x64.Build.0 = Debug|x64
		{E66AE8D5-CF05-404E-BFC4-F03FB02643C3}.Debug|x64.Deploy.0 = Debug|x64
		{E66AE8D5-CF05-404E-BFC4-F03FB02643C3}.Debug|x86.ActiveCfg = Debug|x86
		{E66AE8D5-CF05-404E-BFC4-F03FB02643C3}.Debug|x86.Build.0 = Debug|x86
		{E66AE8D5-CF05-404E-BFC4-F03FB02643C3}.Debug|x86.Deploy.0 = Debug|x86
		{E66AE8D5-CF05-404E-BFC4-F03FB02643C3}.Release|Any CPU.ActiveCfg = Release|x64
		{E66AE8D5-CF05-404E-BFC4-F03FB02643C3}.Release|Any CPU.Build.0 = Release|x64
		{E66AE8D5-CF05-404E-BFC4-F03FB02643C3}.Release|Any CPU.Deploy.0 = Release|x64
		{E66AE8D5-CF05-404E-BFC4-F03FB02643C3}.Release|ARM.ActiveCfg = Release|ARM
		{E66AE8D5-CF05-404E-BFC4-F03FB02643C3}.Release|ARM.Build.0 = Release|ARM
		{E66AE8D5-CF05-404E-BFC4-F03FB02643C3}.Release|ARM.Deploy.0 = Release|ARM
		{E66AE8D5-CF05-404E-BFC4-F03FB02643C3}.Release|iPhone.ActiveCfg = Release|x64
		{E66AE8D5-CF05-404E-BFC4-F03FB02643C3}.Release|iPhone.Build.0 = Release|x64
		{E66AE8D5-CF05-404E-BFC4-F03FB02643C3}.Release|iPhone.Deploy.0 = Release|x64
		{E66AE8D5-CF05-404E-BFC4-F03FB02643C3}.Release|iPhoneSimulator.ActiveCfg = Release|x64
		{E66AE8D5-CF05-404E-BFC4-F03FB02643C3}.Release|iPhoneSimulator.Build.0 = Release|x64
		{E66AE8D5-CF05-404E-BFC4-F03FB02643C3}.Release|iPhoneSimulator.Deploy.0 = Release|x64
		{E66AE8D5-CF05-404E-BFC4-F03FB02643C3}.Release|x64.ActiveCfg = Release|x64
		{E66AE8D5-CF05-404E-BFC4-F03FB02643C3}.Release|x64.Build.0 = Release|x64
		{E66AE8D5-CF05-404E-BFC4-F03FB02643C3}.Release|x64.Deploy.0 = Release|x64
		{E66AE8D5-CF05-404E-BFC4-F03FB02643C3}.Release|x86.ActiveCfg = Release|x86
		{E66AE8D5-CF05-404E-BFC4-F03FB02643C3}.Release|x86.Build.0 = Release|x86
		{E66AE8D5-CF05-404E-BFC4-F03FB02643C3}.Release|x86.Deploy.0 = Release|x86
		{E001E5F2-D2DE-4362-AA7B-77D5BB3FF1B9}.Debug|Any CPU.ActiveCfg = Debug|Any CPU
		{E001E5F2-D2DE-4362-AA7B-77D5BB3FF1B9}.Debug|Any CPU.Build.0 = Debug|Any CPU
		{E001E5F2-D2DE-4362-AA7B-77D5BB3FF1B9}.Debug|Any CPU.Deploy.0 = Debug|Any CPU
		{E001E5F2-D2DE-4362-AA7B-77D5BB3FF1B9}.Debug|ARM.ActiveCfg = Debug|Any CPU
		{E001E5F2-D2DE-4362-AA7B-77D5BB3FF1B9}.Debug|ARM.Build.0 = Debug|Any CPU
		{E001E5F2-D2DE-4362-AA7B-77D5BB3FF1B9}.Debug|ARM.Deploy.0 = Debug|Any CPU
		{E001E5F2-D2DE-4362-AA7B-77D5BB3FF1B9}.Debug|iPhone.ActiveCfg = Debug|Any CPU
		{E001E5F2-D2DE-4362-AA7B-77D5BB3FF1B9}.Debug|iPhone.Build.0 = Debug|Any CPU
		{E001E5F2-D2DE-4362-AA7B-77D5BB3FF1B9}.Debug|iPhone.Deploy.0 = Debug|Any CPU
		{E001E5F2-D2DE-4362-AA7B-77D5BB3FF1B9}.Debug|iPhoneSimulator.ActiveCfg = Debug|Any CPU
		{E001E5F2-D2DE-4362-AA7B-77D5BB3FF1B9}.Debug|iPhoneSimulator.Build.0 = Debug|Any CPU
		{E001E5F2-D2DE-4362-AA7B-77D5BB3FF1B9}.Debug|iPhoneSimulator.Deploy.0 = Debug|Any CPU
		{E001E5F2-D2DE-4362-AA7B-77D5BB3FF1B9}.Debug|x64.ActiveCfg = Debug|Any CPU
		{E001E5F2-D2DE-4362-AA7B-77D5BB3FF1B9}.Debug|x64.Build.0 = Debug|Any CPU
		{E001E5F2-D2DE-4362-AA7B-77D5BB3FF1B9}.Debug|x64.Deploy.0 = Debug|Any CPU
		{E001E5F2-D2DE-4362-AA7B-77D5BB3FF1B9}.Debug|x86.ActiveCfg = Debug|Any CPU
		{E001E5F2-D2DE-4362-AA7B-77D5BB3FF1B9}.Debug|x86.Build.0 = Debug|Any CPU
		{E001E5F2-D2DE-4362-AA7B-77D5BB3FF1B9}.Debug|x86.Deploy.0 = Debug|Any CPU
		{E001E5F2-D2DE-4362-AA7B-77D5BB3FF1B9}.Release|Any CPU.ActiveCfg = Release|Any CPU
		{E001E5F2-D2DE-4362-AA7B-77D5BB3FF1B9}.Release|Any CPU.Build.0 = Release|Any CPU
		{E001E5F2-D2DE-4362-AA7B-77D5BB3FF1B9}.Release|Any CPU.Deploy.0 = Release|Any CPU
		{E001E5F2-D2DE-4362-AA7B-77D5BB3FF1B9}.Release|ARM.ActiveCfg = Release|Any CPU
		{E001E5F2-D2DE-4362-AA7B-77D5BB3FF1B9}.Release|ARM.Build.0 = Release|Any CPU
		{E001E5F2-D2DE-4362-AA7B-77D5BB3FF1B9}.Release|ARM.Deploy.0 = Release|Any CPU
		{E001E5F2-D2DE-4362-AA7B-77D5BB3FF1B9}.Release|iPhone.ActiveCfg = Release|Any CPU
		{E001E5F2-D2DE-4362-AA7B-77D5BB3FF1B9}.Release|iPhone.Build.0 = Release|Any CPU
		{E001E5F2-D2DE-4362-AA7B-77D5BB3FF1B9}.Release|iPhone.Deploy.0 = Release|Any CPU
		{E001E5F2-D2DE-4362-AA7B-77D5BB3FF1B9}.Release|iPhoneSimulator.ActiveCfg = Release|Any CPU
		{E001E5F2-D2DE-4362-AA7B-77D5BB3FF1B9}.Release|iPhoneSimulator.Build.0 = Release|Any CPU
		{E001E5F2-D2DE-4362-AA7B-77D5BB3FF1B9}.Release|iPhoneSimulator.Deploy.0 = Release|Any CPU
		{E001E5F2-D2DE-4362-AA7B-77D5BB3FF1B9}.Release|x64.ActiveCfg = Release|Any CPU
		{E001E5F2-D2DE-4362-AA7B-77D5BB3FF1B9}.Release|x64.Build.0 = Release|Any CPU
		{E001E5F2-D2DE-4362-AA7B-77D5BB3FF1B9}.Release|x64.Deploy.0 = Release|Any CPU
		{E001E5F2-D2DE-4362-AA7B-77D5BB3FF1B9}.Release|x86.ActiveCfg = Release|Any CPU
		{E001E5F2-D2DE-4362-AA7B-77D5BB3FF1B9}.Release|x86.Build.0 = Release|Any CPU
		{E001E5F2-D2DE-4362-AA7B-77D5BB3FF1B9}.Release|x86.Deploy.0 = Release|Any CPU
		{24D5B939-A657-49BF-8C13-90407E9B1D12}.Debug|Any CPU.ActiveCfg = Debug|iPhoneSimulator
		{24D5B939-A657-49BF-8C13-90407E9B1D12}.Debug|Any CPU.Build.0 = Debug|iPhoneSimulator
		{24D5B939-A657-49BF-8C13-90407E9B1D12}.Debug|Any CPU.Deploy.0 = Debug|iPhoneSimulator
		{24D5B939-A657-49BF-8C13-90407E9B1D12}.Debug|ARM.ActiveCfg = Debug|iPhoneSimulator
		{24D5B939-A657-49BF-8C13-90407E9B1D12}.Debug|ARM.Build.0 = Debug|iPhoneSimulator
		{24D5B939-A657-49BF-8C13-90407E9B1D12}.Debug|ARM.Deploy.0 = Debug|iPhoneSimulator
		{24D5B939-A657-49BF-8C13-90407E9B1D12}.Debug|iPhone.ActiveCfg = Debug|iPhone
		{24D5B939-A657-49BF-8C13-90407E9B1D12}.Debug|iPhone.Build.0 = Debug|iPhone
		{24D5B939-A657-49BF-8C13-90407E9B1D12}.Debug|iPhone.Deploy.0 = Debug|iPhone
		{24D5B939-A657-49BF-8C13-90407E9B1D12}.Debug|iPhoneSimulator.ActiveCfg = Debug|iPhoneSimulator
		{24D5B939-A657-49BF-8C13-90407E9B1D12}.Debug|iPhoneSimulator.Build.0 = Debug|iPhoneSimulator
		{24D5B939-A657-49BF-8C13-90407E9B1D12}.Debug|iPhoneSimulator.Deploy.0 = Debug|iPhoneSimulator
		{24D5B939-A657-49BF-8C13-90407E9B1D12}.Debug|x64.ActiveCfg = Debug|iPhone
		{24D5B939-A657-49BF-8C13-90407E9B1D12}.Debug|x64.Build.0 = Debug|iPhone
		{24D5B939-A657-49BF-8C13-90407E9B1D12}.Debug|x64.Deploy.0 = Debug|iPhone
		{24D5B939-A657-49BF-8C13-90407E9B1D12}.Debug|x86.ActiveCfg = Debug|iPhoneSimulator
		{24D5B939-A657-49BF-8C13-90407E9B1D12}.Debug|x86.Build.0 = Debug|iPhoneSimulator
		{24D5B939-A657-49BF-8C13-90407E9B1D12}.Debug|x86.Deploy.0 = Debug|iPhoneSimulator
		{24D5B939-A657-49BF-8C13-90407E9B1D12}.Release|Any CPU.ActiveCfg = Release|iPhoneSimulator
		{24D5B939-A657-49BF-8C13-90407E9B1D12}.Release|Any CPU.Build.0 = Release|iPhoneSimulator
		{24D5B939-A657-49BF-8C13-90407E9B1D12}.Release|Any CPU.Deploy.0 = Release|iPhoneSimulator
		{24D5B939-A657-49BF-8C13-90407E9B1D12}.Release|ARM.ActiveCfg = Release|iPhoneSimulator
		{24D5B939-A657-49BF-8C13-90407E9B1D12}.Release|ARM.Build.0 = Release|iPhoneSimulator
		{24D5B939-A657-49BF-8C13-90407E9B1D12}.Release|ARM.Deploy.0 = Release|iPhoneSimulator
		{24D5B939-A657-49BF-8C13-90407E9B1D12}.Release|iPhone.ActiveCfg = Release|iPhone
		{24D5B939-A657-49BF-8C13-90407E9B1D12}.Release|iPhone.Build.0 = Release|iPhone
		{24D5B939-A657-49BF-8C13-90407E9B1D12}.Release|iPhone.Deploy.0 = Release|iPhone
		{24D5B939-A657-49BF-8C13-90407E9B1D12}.Release|iPhoneSimulator.ActiveCfg = Release|iPhoneSimulator
		{24D5B939-A657-49BF-8C13-90407E9B1D12}.Release|iPhoneSimulator.Build.0 = Release|iPhoneSimulator
		{24D5B939-A657-49BF-8C13-90407E9B1D12}.Release|iPhoneSimulator.Deploy.0 = Release|iPhoneSimulator
		{24D5B939-A657-49BF-8C13-90407E9B1D12}.Release|x64.ActiveCfg = Release|iPhoneSimulator
		{24D5B939-A657-49BF-8C13-90407E9B1D12}.Release|x64.Build.0 = Release|iPhoneSimulator
		{24D5B939-A657-49BF-8C13-90407E9B1D12}.Release|x64.Deploy.0 = Release|iPhoneSimulator
		{24D5B939-A657-49BF-8C13-90407E9B1D12}.Release|x86.ActiveCfg = Release|iPhoneSimulator
		{24D5B939-A657-49BF-8C13-90407E9B1D12}.Release|x86.Build.0 = Release|iPhoneSimulator
		{24D5B939-A657-49BF-8C13-90407E9B1D12}.Release|x86.Deploy.0 = Release|iPhoneSimulator
		{4F5155EE-B0F4-4655-9C7B-80B7558432F2}.Debug|Any CPU.ActiveCfg = Debug|Any CPU
		{4F5155EE-B0F4-4655-9C7B-80B7558432F2}.Debug|Any CPU.Build.0 = Debug|Any CPU
		{4F5155EE-B0F4-4655-9C7B-80B7558432F2}.Debug|Any CPU.Deploy.0 = Debug|Any CPU
		{4F5155EE-B0F4-4655-9C7B-80B7558432F2}.Debug|ARM.ActiveCfg = Debug|Any CPU
		{4F5155EE-B0F4-4655-9C7B-80B7558432F2}.Debug|ARM.Build.0 = Debug|Any CPU
		{4F5155EE-B0F4-4655-9C7B-80B7558432F2}.Debug|ARM.Deploy.0 = Debug|Any CPU
		{4F5155EE-B0F4-4655-9C7B-80B7558432F2}.Debug|iPhone.ActiveCfg = Debug|Any CPU
		{4F5155EE-B0F4-4655-9C7B-80B7558432F2}.Debug|iPhone.Build.0 = Debug|Any CPU
		{4F5155EE-B0F4-4655-9C7B-80B7558432F2}.Debug|iPhone.Deploy.0 = Debug|Any CPU
		{4F5155EE-B0F4-4655-9C7B-80B7558432F2}.Debug|iPhoneSimulator.ActiveCfg = Debug|Any CPU
		{4F5155EE-B0F4-4655-9C7B-80B7558432F2}.Debug|iPhoneSimulator.Build.0 = Debug|Any CPU
		{4F5155EE-B0F4-4655-9C7B-80B7558432F2}.Debug|iPhoneSimulator.Deploy.0 = Debug|Any CPU
		{4F5155EE-B0F4-4655-9C7B-80B7558432F2}.Debug|x64.ActiveCfg = Debug|Any CPU
		{4F5155EE-B0F4-4655-9C7B-80B7558432F2}.Debug|x64.Build.0 = Debug|Any CPU
		{4F5155EE-B0F4-4655-9C7B-80B7558432F2}.Debug|x64.Deploy.0 = Debug|Any CPU
		{4F5155EE-B0F4-4655-9C7B-80B7558432F2}.Debug|x86.ActiveCfg = Debug|Any CPU
		{4F5155EE-B0F4-4655-9C7B-80B7558432F2}.Debug|x86.Build.0 = Debug|Any CPU
		{4F5155EE-B0F4-4655-9C7B-80B7558432F2}.Debug|x86.Deploy.0 = Debug|Any CPU
		{4F5155EE-B0F4-4655-9C7B-80B7558432F2}.Release|Any CPU.ActiveCfg = Release|Any CPU
		{4F5155EE-B0F4-4655-9C7B-80B7558432F2}.Release|Any CPU.Build.0 = Release|Any CPU
		{4F5155EE-B0F4-4655-9C7B-80B7558432F2}.Release|Any CPU.Deploy.0 = Release|Any CPU
		{4F5155EE-B0F4-4655-9C7B-80B7558432F2}.Release|ARM.ActiveCfg = Release|Any CPU
		{4F5155EE-B0F4-4655-9C7B-80B7558432F2}.Release|ARM.Build.0 = Release|Any CPU
		{4F5155EE-B0F4-4655-9C7B-80B7558432F2}.Release|ARM.Deploy.0 = Release|Any CPU
		{4F5155EE-B0F4-4655-9C7B-80B7558432F2}.Release|iPhone.ActiveCfg = Release|Any CPU
		{4F5155EE-B0F4-4655-9C7B-80B7558432F2}.Release|iPhone.Build.0 = Release|Any CPU
		{4F5155EE-B0F4-4655-9C7B-80B7558432F2}.Release|iPhone.Deploy.0 = Release|Any CPU
		{4F5155EE-B0F4-4655-9C7B-80B7558432F2}.Release|iPhoneSimulator.ActiveCfg = Release|Any CPU
		{4F5155EE-B0F4-4655-9C7B-80B7558432F2}.Release|iPhoneSimulator.Build.0 = Release|Any CPU
		{4F5155EE-B0F4-4655-9C7B-80B7558432F2}.Release|iPhoneSimulator.Deploy.0 = Release|Any CPU
		{4F5155EE-B0F4-4655-9C7B-80B7558432F2}.Release|x64.ActiveCfg = Release|Any CPU
		{4F5155EE-B0F4-4655-9C7B-80B7558432F2}.Release|x64.Build.0 = Release|Any CPU
		{4F5155EE-B0F4-4655-9C7B-80B7558432F2}.Release|x64.Deploy.0 = Release|Any CPU
		{4F5155EE-B0F4-4655-9C7B-80B7558432F2}.Release|x86.ActiveCfg = Release|Any CPU
		{4F5155EE-B0F4-4655-9C7B-80B7558432F2}.Release|x86.Build.0 = Release|Any CPU
		{4F5155EE-B0F4-4655-9C7B-80B7558432F2}.Release|x86.Deploy.0 = Release|Any CPU
	EndGlobalSection
	GlobalSection(SolutionProperties) = preSolution
		HideSolutionNode = FALSE
	EndGlobalSection
	GlobalSection(ExtensibilityGlobals) = postSolution
		SolutionGuid = {CBE949D8-757B-42CC-A180-509783229BC7}
	EndGlobalSection
EndGlobal
